
Microsoft Visual Studio Solution File, Format Version 12.00
# Visual Studio Version 17
VisualStudioVersion = 17.12.35527.113
MinimumVisualStudioVersion = 10.0.40219.1
Project("{2150E333-8FDC-42A3-9474-1A3956D46DE8}") = "apps", "apps", "{A5712C5C-2FE7-458B-AA95-C56F81124BF8}"
EndProject
Project("{2150E333-8FDC-42A3-9474-1A3956D46DE8}") = "SOLID", "SOLID", "{D2036D5E-8328-4094-B8F7-E1E60B3A83E6}"
EndProject
Project("{FAE04EC0-301F-11D3-BF4B-00C04F79EFBC}") = "SingleResponsibility", "apps\SOLID\SingleResponsibility\SingleResponsibility.csproj", "{F29ACC9C-1E69-4C06-B3F1-1CAA665CD886}"
EndProject
Project("{FAE04EC0-301F-11D3-BF4B-00C04F79EFBC}") = "LiskovSubstitution", "apps\SOLID\LiskovSubstitution\LiskovSubstitution.csproj", "{A520308A-4D61-443E-A1AD-F0D8F1503525}"
EndProject
Project("{FAE04EC0-301F-11D3-BF4B-00C04F79EFBC}") = "InterfaceSegregation", "apps\SOLID\InterfaceSegregation\InterfaceSegregation.csproj", "{B4558D21-0E64-4682-847D-D4B27DF908F1}"
EndProject
Project("{FAE04EC0-301F-11D3-BF4B-00C04F79EFBC}") = "OpenClosed", "apps\SOLID\OpenClosed\OpenClosed.csproj", "{1E9D8708-1665-46C3-B757-2F673B66A2CF}"
EndProject
Project("{FAE04EC0-301F-11D3-BF4B-00C04F79EFBC}") = "DependencyInversion", "apps\SOLID\DependencyInversion\DependencyInversion.csproj", "{620223E6-3F77-4FAF-99ED-BF4A344F57E9}"
EndProject
Project("{2150E333-8FDC-42A3-9474-1A3956D46DE8}") = "CreationalPatterns", "CreationalPatterns", "{F9CE974F-11A5-44D2-8F53-43BC36E46D6A}"
EndProject
Project("{2150E333-8FDC-42A3-9474-1A3956D46DE8}") = "StructuralPatterns", "StructuralPatterns", "{9FD0D445-E475-4742-9D20-174314E9E14E}"
EndProject
Project("{2150E333-8FDC-42A3-9474-1A3956D46DE8}") = "BehaviourPatterns", "BehaviourPatterns", "{4DADA8AF-834C-4C0E-936E-B3D75DD4C71D}"
EndProject
Project("{2150E333-8FDC-42A3-9474-1A3956D46DE8}") = "Builder", "Builder", "{52D5EB26-4EDF-4025-999D-CC3A0167E96A}"
EndProject
Project("{FAE04EC0-301F-11D3-BF4B-00C04F79EFBC}") = "Builder", "apps\CreationalPattern\Builder\Builder\Builder.csproj", "{59D29903-F5C5-42DB-AAAE-553796E2326A}"
EndProject
Project("{FAE04EC0-301F-11D3-BF4B-00C04F79EFBC}") = "FluentBuilder", "apps\CreationalPattern\Builder\FluentBuilder\FluentBuilder.csproj", "{04FFB98B-9533-46A4-8E69-E24B92C56FCE}"
EndProject
Project("{FAE04EC0-301F-11D3-BF4B-00C04F79EFBC}") = "FunctionalBuilder", "apps\CreationalPattern\Builder\FunctionalBuilder\FunctionalBuilder.csproj", "{094BA7F1-8AC2-42C2-A7EC-89D85543E11C}"
EndProject
Project("{FAE04EC0-301F-11D3-BF4B-00C04F79EFBC}") = "FacetedBuilder", "apps\CreationalPattern\Builder\FacetedBuilder\FacetedBuilder.csproj", "{6313B42E-52A4-4F8F-85A0-719EA50C5370}"
EndProject
Project("{FAE04EC0-301F-11D3-BF4B-00C04F79EFBC}") = "WithoutBuilder", "apps\CreationalPattern\Builder\WithoutBuilder\WithoutBuilder.csproj", "{3C134012-DA2D-438E-A35F-F62DFC2D4352}"
EndProject
Project("{FAE04EC0-301F-11D3-BF4B-00C04F79EFBC}") = "StepwiseBuilder", "apps\CreationalPattern\Builder\StepwiseBuilder\StepwiseBuilder.csproj", "{CB2B95A5-2E7C-4D62-9B40-57406F126386}"
EndProject
Project("{2150E333-8FDC-42A3-9474-1A3956D46DE8}") = "Factories", "Factories", "{E22279BD-C9E2-4100-8C08-2FD0B02B915A}"
EndProject
Project("{FAE04EC0-301F-11D3-BF4B-00C04F79EFBC}") = "Factory", "apps\CreationalPattern\Factories\Factory\Factory.csproj", "{18846529-B5E2-4A6E-80D5-BD8E6A291C4F}"
EndProject
Global
	GlobalSection(SolutionConfigurationPlatforms) = preSolution
		Debug|Any CPU = Debug|Any CPU
		Release|Any CPU = Release|Any CPU
	EndGlobalSection
	GlobalSection(ProjectConfigurationPlatforms) = postSolution
		{F29ACC9C-1E69-4C06-B3F1-1CAA665CD886}.Debug|Any CPU.ActiveCfg = Debug|Any CPU
		{F29ACC9C-1E69-4C06-B3F1-1CAA665CD886}.Debug|Any CPU.Build.0 = Debug|Any CPU
		{F29ACC9C-1E69-4C06-B3F1-1CAA665CD886}.Release|Any CPU.ActiveCfg = Release|Any CPU
		{F29ACC9C-1E69-4C06-B3F1-1CAA665CD886}.Release|Any CPU.Build.0 = Release|Any CPU
		{A520308A-4D61-443E-A1AD-F0D8F1503525}.Debug|Any CPU.ActiveCfg = Debug|Any CPU
		{A520308A-4D61-443E-A1AD-F0D8F1503525}.Debug|Any CPU.Build.0 = Debug|Any CPU
		{A520308A-4D61-443E-A1AD-F0D8F1503525}.Release|Any CPU.ActiveCfg = Release|Any CPU
		{A520308A-4D61-443E-A1AD-F0D8F1503525}.Release|Any CPU.Build.0 = Release|Any CPU
		{B4558D21-0E64-4682-847D-D4B27DF908F1}.Debug|Any CPU.ActiveCfg = Debug|Any CPU
		{B4558D21-0E64-4682-847D-D4B27DF908F1}.Debug|Any CPU.Build.0 = Debug|Any CPU
		{B4558D21-0E64-4682-847D-D4B27DF908F1}.Release|Any CPU.ActiveCfg = Release|Any CPU
		{B4558D21-0E64-4682-847D-D4B27DF908F1}.Release|Any CPU.Build.0 = Release|Any CPU
		{1E9D8708-1665-46C3-B757-2F673B66A2CF}.Debug|Any CPU.ActiveCfg = Debug|Any CPU
		{1E9D8708-1665-46C3-B757-2F673B66A2CF}.Debug|Any CPU.Build.0 = Debug|Any CPU
		{1E9D8708-1665-46C3-B757-2F673B66A2CF}.Release|Any CPU.ActiveCfg = Release|Any CPU
		{1E9D8708-1665-46C3-B757-2F673B66A2CF}.Release|Any CPU.Build.0 = Release|Any CPU
		{620223E6-3F77-4FAF-99ED-BF4A344F57E9}.Debug|Any CPU.ActiveCfg = Debug|Any CPU
		{620223E6-3F77-4FAF-99ED-BF4A344F57E9}.Debug|Any CPU.Build.0 = Debug|Any CPU
		{620223E6-3F77-4FAF-99ED-BF4A344F57E9}.Release|Any CPU.ActiveCfg = Release|Any CPU
		{620223E6-3F77-4FAF-99ED-BF4A344F57E9}.Release|Any CPU.Build.0 = Release|Any CPU
		{59D29903-F5C5-42DB-AAAE-553796E2326A}.Debug|Any CPU.ActiveCfg = Debug|Any CPU
		{59D29903-F5C5-42DB-AAAE-553796E2326A}.Debug|Any CPU.Build.0 = Debug|Any CPU
		{59D29903-F5C5-42DB-AAAE-553796E2326A}.Release|Any CPU.ActiveCfg = Release|Any CPU
		{59D29903-F5C5-42DB-AAAE-553796E2326A}.Release|Any CPU.Build.0 = Release|Any CPU
		{04FFB98B-9533-46A4-8E69-E24B92C56FCE}.Debug|Any CPU.ActiveCfg = Debug|Any CPU
		{04FFB98B-9533-46A4-8E69-E24B92C56FCE}.Debug|Any CPU.Build.0 = Debug|Any CPU
		{04FFB98B-9533-46A4-8E69-E24B92C56FCE}.Release|Any CPU.ActiveCfg = Release|Any CPU
		{04FFB98B-9533-46A4-8E69-E24B92C56FCE}.Release|Any CPU.Build.0 = Release|Any CPU
		{094BA7F1-8AC2-42C2-A7EC-89D85543E11C}.Debug|Any CPU.ActiveCfg = Debug|Any CPU
		{094BA7F1-8AC2-42C2-A7EC-89D85543E11C}.Debug|Any CPU.Build.0 = Debug|Any CPU
		{094BA7F1-8AC2-42C2-A7EC-89D85543E11C}.Release|Any CPU.ActiveCfg = Release|Any CPU
		{094BA7F1-8AC2-42C2-A7EC-89D85543E11C}.Release|Any CPU.Build.0 = Release|Any CPU
		{6313B42E-52A4-4F8F-85A0-719EA50C5370}.Debug|Any CPU.ActiveCfg = Debug|Any CPU
		{6313B42E-52A4-4F8F-85A0-719EA50C5370}.Debug|Any CPU.Build.0 = Debug|Any CPU
		{6313B42E-52A4-4F8F-85A0-719EA50C5370}.Release|Any CPU.ActiveCfg = Release|Any CPU
		{6313B42E-52A4-4F8F-85A0-719EA50C5370}.Release|Any CPU.Build.0 = Release|Any CPU
		{3C134012-DA2D-438E-A35F-F62DFC2D4352}.Debug|Any CPU.ActiveCfg = Debug|Any CPU
		{3C134012-DA2D-438E-A35F-F62DFC2D4352}.Debug|Any CPU.Build.0 = Debug|Any CPU
		{3C134012-DA2D-438E-A35F-F62DFC2D4352}.Release|Any CPU.ActiveCfg = Release|Any CPU
		{3C134012-DA2D-438E-A35F-F62DFC2D4352}.Release|Any CPU.Build.0 = Release|Any CPU
		{CB2B95A5-2E7C-4D62-9B40-57406F126386}.Debug|Any CPU.ActiveCfg = Debug|Any CPU
		{CB2B95A5-2E7C-4D62-9B40-57406F126386}.Debug|Any CPU.Build.0 = Debug|Any CPU
		{CB2B95A5-2E7C-4D62-9B40-57406F126386}.Release|Any CPU.ActiveCfg = Release|Any CPU
		{CB2B95A5-2E7C-4D62-9B40-57406F126386}.Release|Any CPU.Build.0 = Release|Any CPU
		{18846529-B5E2-4A6E-80D5-BD8E6A291C4F}.Debug|Any CPU.ActiveCfg = Debug|Any CPU
		{18846529-B5E2-4A6E-80D5-BD8E6A291C4F}.Debug|Any CPU.Build.0 = Debug|Any CPU
		{18846529-B5E2-4A6E-80D5-BD8E6A291C4F}.Release|Any CPU.ActiveCfg = Release|Any CPU
		{18846529-B5E2-4A6E-80D5-BD8E6A291C4F}.Release|Any CPU.Build.0 = Release|Any CPU
	EndGlobalSection
	GlobalSection(SolutionProperties) = preSolution
		HideSolutionNode = FALSE
	EndGlobalSection
	GlobalSection(NestedProjects) = preSolution
		{D2036D5E-8328-4094-B8F7-E1E60B3A83E6} = {A5712C5C-2FE7-458B-AA95-C56F81124BF8}
		{F29ACC9C-1E69-4C06-B3F1-1CAA665CD886} = {D2036D5E-8328-4094-B8F7-E1E60B3A83E6}
		{A520308A-4D61-443E-A1AD-F0D8F1503525} = {D2036D5E-8328-4094-B8F7-E1E60B3A83E6}
		{B4558D21-0E64-4682-847D-D4B27DF908F1} = {D2036D5E-8328-4094-B8F7-E1E60B3A83E6}
		{1E9D8708-1665-46C3-B757-2F673B66A2CF} = {D2036D5E-8328-4094-B8F7-E1E60B3A83E6}
		{620223E6-3F77-4FAF-99ED-BF4A344F57E9} = {D2036D5E-8328-4094-B8F7-E1E60B3A83E6}
		{F9CE974F-11A5-44D2-8F53-43BC36E46D6A} = {A5712C5C-2FE7-458B-AA95-C56F81124BF8}
		{9FD0D445-E475-4742-9D20-174314E9E14E} = {A5712C5C-2FE7-458B-AA95-C56F81124BF8}
		{4DADA8AF-834C-4C0E-936E-B3D75DD4C71D} = {A5712C5C-2FE7-458B-AA95-C56F81124BF8}
		{52D5EB26-4EDF-4025-999D-CC3A0167E96A} = {F9CE974F-11A5-44D2-8F53-43BC36E46D6A}
		{59D29903-F5C5-42DB-AAAE-553796E2326A} = {52D5EB26-4EDF-4025-999D-CC3A0167E96A}
		{04FFB98B-9533-46A4-8E69-E24B92C56FCE} = {52D5EB26-4EDF-4025-999D-CC3A0167E96A}
		{094BA7F1-8AC2-42C2-A7EC-89D85543E11C} = {52D5EB26-4EDF-4025-999D-CC3A0167E96A}
		{6313B42E-52A4-4F8F-85A0-719EA50C5370} = {52D5EB26-4EDF-4025-999D-CC3A0167E96A}
		{3C134012-DA2D-438E-A35F-F62DFC2D4352} = {52D5EB26-4EDF-4025-999D-CC3A0167E96A}
		{CB2B95A5-2E7C-4D62-9B40-57406F126386} = {52D5EB26-4EDF-4025-999D-CC3A0167E96A}
		{E22279BD-C9E2-4100-8C08-2FD0B02B915A} = {F9CE974F-11A5-44D2-8F53-43BC36E46D6A}
		{18846529-B5E2-4A6E-80D5-BD8E6A291C4F} = {E22279BD-C9E2-4100-8C08-2FD0B02B915A}
	EndGlobalSection
EndGlobal
