
Microsoft Visual Studio Solution File, Format Version 12.00
# Visual Studio Version 17
VisualStudioVersion = 17.12.35527.113
MinimumVisualStudioVersion = 10.0.40219.1
Project("{2150E333-8FDC-42A3-9474-1A3956D46DE8}") = "SOLID", "SOLID", "{AF869D2C-6DAA-46A3-A0CB-9E8D48A24D7C}"
EndProject
Project("{FAE04EC0-301F-11D3-BF4B-00C04F79EFBC}") = "SingleResponsibility", "SingleResponsibility\SingleResponsibility.csproj", "{5C0F1BFD-E878-424A-814C-E5C4BAB07576}"
EndProject
Project("{2150E333-8FDC-42A3-9474-1A3956D46DE8}") = "CreationalPatterns", "CreationalPatterns", "{C15DA9C7-FFD6-4DD9-A8AC-29DC79446E9B}"
EndProject
Project("{2150E333-8FDC-42A3-9474-1A3956D46DE8}") = "BehaviorPatterns", "BehaviorPatterns", "{F729613D-1107-42A1-AAD4-A4A635BA5BC4}"
EndProject
Project("{2150E333-8FDC-42A3-9474-1A3956D46DE8}") = "StructuralPatterns", "StructuralPatterns", "{AD6EC98F-6B20-42DA-9358-940107ED751C}"
EndProject
Project("{2150E333-8FDC-42A3-9474-1A3956D46DE8}") = "Builder", "Builder", "{5F088E44-1533-450A-B2A8-771B612A3CAB}"
EndProject
Project("{FAE04EC0-301F-11D3-BF4B-00C04F79EFBC}") = "BuilderFacade", "BuilderFacade\BuilderFacade.csproj", "{78A9980E-0C51-45E0-95FE-2ACE83ABBF74}"
EndProject
Project("{FAE04EC0-301F-11D3-BF4B-00C04F79EFBC}") = "LiskovSubstitution", "LiskovSubstitution\LiskovSubstitution.csproj", "{B85A80FB-93F6-469D-BD63-34F198A1B2DC}"
EndProject
Project("{FAE04EC0-301F-11D3-BF4B-00C04F79EFBC}") = "OpenClosed", "OpenClosed\OpenClosed.csproj", "{378CD202-3A68-42B4-8D24-DDA9B7A58B26}"
EndProject
Project("{FAE04EC0-301F-11D3-BF4B-00C04F79EFBC}") = "InterfaceSegregation", "InterfaceSegregation\InterfaceSegregation.csproj", "{77634A2A-149E-4AE0-A15F-3BACEE98B7DD}"
EndProject
Project("{FAE04EC0-301F-11D3-BF4B-00C04F79EFBC}") = "DependencyInversion", "DependencyInversion\DependencyInversion.csproj", "{FC74D873-3373-42E7-A673-58F3B39913CE}"
EndProject
Project("{FAE04EC0-301F-11D3-BF4B-00C04F79EFBC}") = "Builder", "Builder\Builder.csproj", "{5D3DB4FE-48CC-40AD-8BAF-DCE37AAB9AD1}"
EndProject
Project("{FAE04EC0-301F-11D3-BF4B-00C04F79EFBC}") = "FluentBuilder", "FluentBuilder\FluentBuilder.csproj", "{908B2D41-4244-467E-AF6F-2872C2E5A942}"
EndProject
Global
	GlobalSection(SolutionConfigurationPlatforms) = preSolution
		Debug|Any CPU = Debug|Any CPU
		Release|Any CPU = Release|Any CPU
	EndGlobalSection
	GlobalSection(ProjectConfigurationPlatforms) = postSolution
		{5C0F1BFD-E878-424A-814C-E5C4BAB07576}.Debug|Any CPU.ActiveCfg = Debug|Any CPU
		{5C0F1BFD-E878-424A-814C-E5C4BAB07576}.Debug|Any CPU.Build.0 = Debug|Any CPU
		{5C0F1BFD-E878-424A-814C-E5C4BAB07576}.Release|Any CPU.ActiveCfg = Release|Any CPU
		{5C0F1BFD-E878-424A-814C-E5C4BAB07576}.Release|Any CPU.Build.0 = Release|Any CPU
		{78A9980E-0C51-45E0-95FE-2ACE83ABBF74}.Debug|Any CPU.ActiveCfg = Debug|Any CPU
		{78A9980E-0C51-45E0-95FE-2ACE83ABBF74}.Debug|Any CPU.Build.0 = Debug|Any CPU
		{78A9980E-0C51-45E0-95FE-2ACE83ABBF74}.Release|Any CPU.ActiveCfg = Release|Any CPU
		{78A9980E-0C51-45E0-95FE-2ACE83ABBF74}.Release|Any CPU.Build.0 = Release|Any CPU
		{B85A80FB-93F6-469D-BD63-34F198A1B2DC}.Debug|Any CPU.ActiveCfg = Debug|Any CPU
		{B85A80FB-93F6-469D-BD63-34F198A1B2DC}.Debug|Any CPU.Build.0 = Debug|Any CPU
		{B85A80FB-93F6-469D-BD63-34F198A1B2DC}.Release|Any CPU.ActiveCfg = Release|Any CPU
		{B85A80FB-93F6-469D-BD63-34F198A1B2DC}.Release|Any CPU.Build.0 = Release|Any CPU
		{378CD202-3A68-42B4-8D24-DDA9B7A58B26}.Debug|Any CPU.ActiveCfg = Debug|Any CPU
		{378CD202-3A68-42B4-8D24-DDA9B7A58B26}.Debug|Any CPU.Build.0 = Debug|Any CPU
		{378CD202-3A68-42B4-8D24-DDA9B7A58B26}.Release|Any CPU.ActiveCfg = Release|Any CPU
		{378CD202-3A68-42B4-8D24-DDA9B7A58B26}.Release|Any CPU.Build.0 = Release|Any CPU
		{77634A2A-149E-4AE0-A15F-3BACEE98B7DD}.Debug|Any CPU.ActiveCfg = Debug|Any CPU
		{77634A2A-149E-4AE0-A15F-3BACEE98B7DD}.Debug|Any CPU.Build.0 = Debug|Any CPU
		{77634A2A-149E-4AE0-A15F-3BACEE98B7DD}.Release|Any CPU.ActiveCfg = Release|Any CPU
		{77634A2A-149E-4AE0-A15F-3BACEE98B7DD}.Release|Any CPU.Build.0 = Release|Any CPU
		{FC74D873-3373-42E7-A673-58F3B39913CE}.Debug|Any CPU.ActiveCfg = Debug|Any CPU
		{FC74D873-3373-42E7-A673-58F3B39913CE}.Debug|Any CPU.Build.0 = Debug|Any CPU
		{FC74D873-3373-42E7-A673-58F3B39913CE}.Release|Any CPU.ActiveCfg = Release|Any CPU
		{FC74D873-3373-42E7-A673-58F3B39913CE}.Release|Any CPU.Build.0 = Release|Any CPU
		{5D3DB4FE-48CC-40AD-8BAF-DCE37AAB9AD1}.Debug|Any CPU.ActiveCfg = Debug|Any CPU
		{5D3DB4FE-48CC-40AD-8BAF-DCE37AAB9AD1}.Debug|Any CPU.Build.0 = Debug|Any CPU
		{5D3DB4FE-48CC-40AD-8BAF-DCE37AAB9AD1}.Release|Any CPU.ActiveCfg = Release|Any CPU
		{5D3DB4FE-48CC-40AD-8BAF-DCE37AAB9AD1}.Release|Any CPU.Build.0 = Release|Any CPU
		{908B2D41-4244-467E-AF6F-2872C2E5A942}.Debug|Any CPU.ActiveCfg = Debug|Any CPU
		{908B2D41-4244-467E-AF6F-2872C2E5A942}.Debug|Any CPU.Build.0 = Debug|Any CPU
		{908B2D41-4244-467E-AF6F-2872C2E5A942}.Release|Any CPU.ActiveCfg = Release|Any CPU
		{908B2D41-4244-467E-AF6F-2872C2E5A942}.Release|Any CPU.Build.0 = Release|Any CPU
	EndGlobalSection
	GlobalSection(SolutionProperties) = preSolution
		HideSolutionNode = FALSE
	EndGlobalSection
	GlobalSection(NestedProjects) = preSolution
		{5C0F1BFD-E878-424A-814C-E5C4BAB07576} = {AF869D2C-6DAA-46A3-A0CB-9E8D48A24D7C}
		{5F088E44-1533-450A-B2A8-771B612A3CAB} = {C15DA9C7-FFD6-4DD9-A8AC-29DC79446E9B}
		{78A9980E-0C51-45E0-95FE-2ACE83ABBF74} = {5F088E44-1533-450A-B2A8-771B612A3CAB}
		{B85A80FB-93F6-469D-BD63-34F198A1B2DC} = {AF869D2C-6DAA-46A3-A0CB-9E8D48A24D7C}
		{378CD202-3A68-42B4-8D24-DDA9B7A58B26} = {AF869D2C-6DAA-46A3-A0CB-9E8D48A24D7C}
		{77634A2A-149E-4AE0-A15F-3BACEE98B7DD} = {AF869D2C-6DAA-46A3-A0CB-9E8D48A24D7C}
		{FC74D873-3373-42E7-A673-58F3B39913CE} = {AF869D2C-6DAA-46A3-A0CB-9E8D48A24D7C}
		{5D3DB4FE-48CC-40AD-8BAF-DCE37AAB9AD1} = {5F088E44-1533-450A-B2A8-771B612A3CAB}
		{908B2D41-4244-467E-AF6F-2872C2E5A942} = {5F088E44-1533-450A-B2A8-771B612A3CAB}
	EndGlobalSection
EndGlobal
