
Microsoft Visual Studio Solution File, Format Version 12.00
# Visual Studio Version 17
VisualStudioVersion = 17.12.35527.113
MinimumVisualStudioVersion = 10.0.40219.1
Project("{2150E333-8FDC-42A3-9474-1A3956D46DE8}") = "CreationalPatterns", "CreationalPatterns", "{C15DA9C7-FFD6-4DD9-A8AC-29DC79446E9B}"
EndProject
Project("{2150E333-8FDC-42A3-9474-1A3956D46DE8}") = "BehaviorPatterns", "BehaviorPatterns", "{F729613D-1107-42A1-AAD4-A4A635BA5BC4}"
EndProject
Project("{2150E333-8FDC-42A3-9474-1A3956D46DE8}") = "StructuralPatterns", "StructuralPatterns", "{AD6EC98F-6B20-42DA-9358-940107ED751C}"
EndProject
Project("{2150E333-8FDC-42A3-9474-1A3956D46DE8}") = "Builder", "Builder", "{5F088E44-1533-450A-B2A8-771B612A3CAB}"
EndProject
Project("{FAE04EC0-301F-11D3-BF4B-00C04F79EFBC}") = "Builder", "Builder\Builder.csproj", "{5D3DB4FE-48CC-40AD-8BAF-DCE37AAB9AD1}"
EndProject
Project("{FAE04EC0-301F-11D3-BF4B-00C04F79EFBC}") = "FluentBuilder", "FluentBuilder\FluentBuilder.csproj", "{908B2D41-4244-467E-AF6F-2872C2E5A942}"
EndProject
Project("{FAE04EC0-301F-11D3-BF4B-00C04F79EFBC}") = "StepwiseBuilder", "StepwiseBuilder\StepwiseBuilder.csproj", "{0CE62B8E-5195-411E-B154-84E79923845F}"
EndProject
Project("{FAE04EC0-301F-11D3-BF4B-00C04F79EFBC}") = "FunctionalBuilder", "FunctionalBuilder\FunctionalBuilder.csproj", "{D6DB68EB-2681-4E3A-9C45-AC26157B7CEE}"
EndProject
Project("{FAE04EC0-301F-11D3-BF4B-00C04F79EFBC}") = "FacetedBuilder", "FacetedBuilder\FacetedBuilder.csproj", "{31CB7BAC-B7DC-4501-90B9-335409F7B169}"
EndProject
Project("{2150E333-8FDC-42A3-9474-1A3956D46DE8}") = "Factories", "Factories", "{63AC4F73-142D-42B9-B7FA-E6F9B6269D20}"
EndProject
Project("{FAE04EC0-301F-11D3-BF4B-00C04F79EFBC}") = "Factory", "Factory\Factory.csproj", "{FAEF707D-296C-49FE-BF6E-0FD8786C3B1E}"
EndProject
Project("{2150E333-8FDC-42A3-9474-1A3956D46DE8}") = "apps", "apps", "{A5712C5C-2FE7-458B-AA95-C56F81124BF8}"
EndProject
Project("{2150E333-8FDC-42A3-9474-1A3956D46DE8}") = "SOLID", "SOLID", "{D2036D5E-8328-4094-B8F7-E1E60B3A83E6}"
EndProject
Project("{FAE04EC0-301F-11D3-BF4B-00C04F79EFBC}") = "SingleResponsibility", "apps\SOLID\SingleResponsibility\SingleResponsibility.csproj", "{F29ACC9C-1E69-4C06-B3F1-1CAA665CD886}"
EndProject
Project("{FAE04EC0-301F-11D3-BF4B-00C04F79EFBC}") = "LiskovSubstitution", "apps\SOLID\LiskovSubstitution\LiskovSubstitution.csproj", "{A520308A-4D61-443E-A1AD-F0D8F1503525}"
EndProject
Project("{FAE04EC0-301F-11D3-BF4B-00C04F79EFBC}") = "InterfaceSegregation", "apps\SOLID\InterfaceSegregation\InterfaceSegregation.csproj", "{B4558D21-0E64-4682-847D-D4B27DF908F1}"
EndProject
Project("{FAE04EC0-301F-11D3-BF4B-00C04F79EFBC}") = "OpenClosed", "apps\SOLID\OpenClosed\OpenClosed.csproj", "{1E9D8708-1665-46C3-B757-2F673B66A2CF}"
EndProject
Project("{FAE04EC0-301F-11D3-BF4B-00C04F79EFBC}") = "DependencyInversion", "apps\SOLID\DependencyInversion\DependencyInversion.csproj", "{620223E6-3F77-4FAF-99ED-BF4A344F57E9}"
EndProject
Global
	GlobalSection(SolutionConfigurationPlatforms) = preSolution
		Debug|Any CPU = Debug|Any CPU
		Release|Any CPU = Release|Any CPU
	EndGlobalSection
	GlobalSection(ProjectConfigurationPlatforms) = postSolution
		{5D3DB4FE-48CC-40AD-8BAF-DCE37AAB9AD1}.Debug|Any CPU.ActiveCfg = Debug|Any CPU
		{5D3DB4FE-48CC-40AD-8BAF-DCE37AAB9AD1}.Debug|Any CPU.Build.0 = Debug|Any CPU
		{5D3DB4FE-48CC-40AD-8BAF-DCE37AAB9AD1}.Release|Any CPU.ActiveCfg = Release|Any CPU
		{5D3DB4FE-48CC-40AD-8BAF-DCE37AAB9AD1}.Release|Any CPU.Build.0 = Release|Any CPU
		{908B2D41-4244-467E-AF6F-2872C2E5A942}.Debug|Any CPU.ActiveCfg = Debug|Any CPU
		{908B2D41-4244-467E-AF6F-2872C2E5A942}.Debug|Any CPU.Build.0 = Debug|Any CPU
		{908B2D41-4244-467E-AF6F-2872C2E5A942}.Release|Any CPU.ActiveCfg = Release|Any CPU
		{908B2D41-4244-467E-AF6F-2872C2E5A942}.Release|Any CPU.Build.0 = Release|Any CPU
		{0CE62B8E-5195-411E-B154-84E79923845F}.Debug|Any CPU.ActiveCfg = Debug|Any CPU
		{0CE62B8E-5195-411E-B154-84E79923845F}.Debug|Any CPU.Build.0 = Debug|Any CPU
		{0CE62B8E-5195-411E-B154-84E79923845F}.Release|Any CPU.ActiveCfg = Release|Any CPU
		{0CE62B8E-5195-411E-B154-84E79923845F}.Release|Any CPU.Build.0 = Release|Any CPU
		{D6DB68EB-2681-4E3A-9C45-AC26157B7CEE}.Debug|Any CPU.ActiveCfg = Debug|Any CPU
		{D6DB68EB-2681-4E3A-9C45-AC26157B7CEE}.Debug|Any CPU.Build.0 = Debug|Any CPU
		{D6DB68EB-2681-4E3A-9C45-AC26157B7CEE}.Release|Any CPU.ActiveCfg = Release|Any CPU
		{D6DB68EB-2681-4E3A-9C45-AC26157B7CEE}.Release|Any CPU.Build.0 = Release|Any CPU
		{31CB7BAC-B7DC-4501-90B9-335409F7B169}.Debug|Any CPU.ActiveCfg = Debug|Any CPU
		{31CB7BAC-B7DC-4501-90B9-335409F7B169}.Debug|Any CPU.Build.0 = Debug|Any CPU
		{31CB7BAC-B7DC-4501-90B9-335409F7B169}.Release|Any CPU.ActiveCfg = Release|Any CPU
		{31CB7BAC-B7DC-4501-90B9-335409F7B169}.Release|Any CPU.Build.0 = Release|Any CPU
		{FAEF707D-296C-49FE-BF6E-0FD8786C3B1E}.Debug|Any CPU.ActiveCfg = Debug|Any CPU
		{FAEF707D-296C-49FE-BF6E-0FD8786C3B1E}.Debug|Any CPU.Build.0 = Debug|Any CPU
		{FAEF707D-296C-49FE-BF6E-0FD8786C3B1E}.Release|Any CPU.ActiveCfg = Release|Any CPU
		{FAEF707D-296C-49FE-BF6E-0FD8786C3B1E}.Release|Any CPU.Build.0 = Release|Any CPU
		{F29ACC9C-1E69-4C06-B3F1-1CAA665CD886}.Debug|Any CPU.ActiveCfg = Debug|Any CPU
		{F29ACC9C-1E69-4C06-B3F1-1CAA665CD886}.Debug|Any CPU.Build.0 = Debug|Any CPU
		{F29ACC9C-1E69-4C06-B3F1-1CAA665CD886}.Release|Any CPU.ActiveCfg = Release|Any CPU
		{F29ACC9C-1E69-4C06-B3F1-1CAA665CD886}.Release|Any CPU.Build.0 = Release|Any CPU
		{A520308A-4D61-443E-A1AD-F0D8F1503525}.Debug|Any CPU.ActiveCfg = Debug|Any CPU
		{A520308A-4D61-443E-A1AD-F0D8F1503525}.Debug|Any CPU.Build.0 = Debug|Any CPU
		{A520308A-4D61-443E-A1AD-F0D8F1503525}.Release|Any CPU.ActiveCfg = Release|Any CPU
		{A520308A-4D61-443E-A1AD-F0D8F1503525}.Release|Any CPU.Build.0 = Release|Any CPU
		{B4558D21-0E64-4682-847D-D4B27DF908F1}.Debug|Any CPU.ActiveCfg = Debug|Any CPU
		{B4558D21-0E64-4682-847D-D4B27DF908F1}.Debug|Any CPU.Build.0 = Debug|Any CPU
		{B4558D21-0E64-4682-847D-D4B27DF908F1}.Release|Any CPU.ActiveCfg = Release|Any CPU
		{B4558D21-0E64-4682-847D-D4B27DF908F1}.Release|Any CPU.Build.0 = Release|Any CPU
		{1E9D8708-1665-46C3-B757-2F673B66A2CF}.Debug|Any CPU.ActiveCfg = Debug|Any CPU
		{1E9D8708-1665-46C3-B757-2F673B66A2CF}.Debug|Any CPU.Build.0 = Debug|Any CPU
		{1E9D8708-1665-46C3-B757-2F673B66A2CF}.Release|Any CPU.ActiveCfg = Release|Any CPU
		{1E9D8708-1665-46C3-B757-2F673B66A2CF}.Release|Any CPU.Build.0 = Release|Any CPU
		{620223E6-3F77-4FAF-99ED-BF4A344F57E9}.Debug|Any CPU.ActiveCfg = Debug|Any CPU
		{620223E6-3F77-4FAF-99ED-BF4A344F57E9}.Debug|Any CPU.Build.0 = Debug|Any CPU
		{620223E6-3F77-4FAF-99ED-BF4A344F57E9}.Release|Any CPU.ActiveCfg = Release|Any CPU
		{620223E6-3F77-4FAF-99ED-BF4A344F57E9}.Release|Any CPU.Build.0 = Release|Any CPU
	EndGlobalSection
	GlobalSection(SolutionProperties) = preSolution
		HideSolutionNode = FALSE
	EndGlobalSection
	GlobalSection(NestedProjects) = preSolution
		{5F088E44-1533-450A-B2A8-771B612A3CAB} = {C15DA9C7-FFD6-4DD9-A8AC-29DC79446E9B}
		{5D3DB4FE-48CC-40AD-8BAF-DCE37AAB9AD1} = {5F088E44-1533-450A-B2A8-771B612A3CAB}
		{908B2D41-4244-467E-AF6F-2872C2E5A942} = {5F088E44-1533-450A-B2A8-771B612A3CAB}
		{0CE62B8E-5195-411E-B154-84E79923845F} = {5F088E44-1533-450A-B2A8-771B612A3CAB}
		{D6DB68EB-2681-4E3A-9C45-AC26157B7CEE} = {5F088E44-1533-450A-B2A8-771B612A3CAB}
		{31CB7BAC-B7DC-4501-90B9-335409F7B169} = {5F088E44-1533-450A-B2A8-771B612A3CAB}
		{63AC4F73-142D-42B9-B7FA-E6F9B6269D20} = {C15DA9C7-FFD6-4DD9-A8AC-29DC79446E9B}
		{FAEF707D-296C-49FE-BF6E-0FD8786C3B1E} = {63AC4F73-142D-42B9-B7FA-E6F9B6269D20}
		{D2036D5E-8328-4094-B8F7-E1E60B3A83E6} = {A5712C5C-2FE7-458B-AA95-C56F81124BF8}
		{F29ACC9C-1E69-4C06-B3F1-1CAA665CD886} = {D2036D5E-8328-4094-B8F7-E1E60B3A83E6}
		{A520308A-4D61-443E-A1AD-F0D8F1503525} = {D2036D5E-8328-4094-B8F7-E1E60B3A83E6}
		{B4558D21-0E64-4682-847D-D4B27DF908F1} = {D2036D5E-8328-4094-B8F7-E1E60B3A83E6}
		{1E9D8708-1665-46C3-B757-2F673B66A2CF} = {D2036D5E-8328-4094-B8F7-E1E60B3A83E6}
		{620223E6-3F77-4FAF-99ED-BF4A344F57E9} = {D2036D5E-8328-4094-B8F7-E1E60B3A83E6}
	EndGlobalSection
EndGlobal
